
Microsoft Visual Studio Solution File, Format Version 12.00
# Visual Studio Version 16
VisualStudioVersion = 16.0.31515.178
MinimumVisualStudioVersion = 10.0.40219.1
Project("{FAE04EC0-301F-11D3-BF4B-00C04F79EFBC}") = "Classes_Exercise-01-Answers", "Classes_Exercise-01-Answers\Classes_Exercise-01-Answers.csproj", "{50A829C3-1DD9-4E20-BC70-2D2D7AC07E92}"
EndProject
Global
	GlobalSection(SolutionConfigurationPlatforms) = preSolution
		Debug|Any CPU = Debug|Any CPU
		Release|Any CPU = Release|Any CPU
	EndGlobalSection
	GlobalSection(ProjectConfigurationPlatforms) = postSolution
		{50A829C3-1DD9-4E20-BC70-2D2D7AC07E92}.Debug|Any CPU.ActiveCfg = Debug|Any CPU
		{50A829C3-1DD9-4E20-BC70-2D2D7AC07E92}.Debug|Any CPU.Build.0 = Debug|Any CPU
		{50A829C3-1DD9-4E20-BC70-2D2D7AC07E92}.Release|Any CPU.ActiveCfg = Release|Any CPU
		{50A829C3-1DD9-4E20-BC70-2D2D7AC07E92}.Release|Any CPU.Build.0 = Release|Any CPU
	EndGlobalSection
	GlobalSection(SolutionProperties) = preSolution
		HideSolutionNode = FALSE
	EndGlobalSection
	GlobalSection(ExtensibilityGlobals) = postSolution
		SolutionGuid = {0330EB9F-94C6-4712-830E-DAC9252CCDCB}
	EndGlobalSection
EndGlobal
